
Microsoft Visual Studio Solution File, Format Version 12.00
# Visual Studio 15
VisualStudioVersion = 15.0.27130.2003
MinimumVisualStudioVersion = 10.0.40219.1
Project("{8BC9CEB8-8B4A-11D0-8D11-00A0C91BC942}") = "Human_Detection_for_Each_Pose", "Human_Detection_for_Each_Pose\Human_Detection_for_Each_Pose.vcxproj", "{5540D4FA-D111-4A51-9273-A8FC9E5FDA93}"
EndProject
Global
	GlobalSection(SolutionConfigurationPlatforms) = preSolution
		Debug|x64 = Debug|x64
		Debug|x86 = Debug|x86
		Release|x64 = Release|x64
		Release|x86 = Release|x86
	EndGlobalSection
	GlobalSection(ProjectConfigurationPlatforms) = postSolution
		{5540D4FA-D111-4A51-9273-A8FC9E5FDA93}.Debug|x64.ActiveCfg = Debug|x64
		{5540D4FA-D111-4A51-9273-A8FC9E5FDA93}.Debug|x64.Build.0 = Debug|x64
		{5540D4FA-D111-4A51-9273-A8FC9E5FDA93}.Debug|x86.ActiveCfg = Debug|Win32
		{5540D4FA-D111-4A51-9273-A8FC9E5FDA93}.Debug|x86.Build.0 = Debug|Win32
		{5540D4FA-D111-4A51-9273-A8FC9E5FDA93}.Release|x64.ActiveCfg = Release|x64
		{5540D4FA-D111-4A51-9273-A8FC9E5FDA93}.Release|x64.Build.0 = Release|x64
		{5540D4FA-D111-4A51-9273-A8FC9E5FDA93}.Release|x86.ActiveCfg = Release|Win32
		{5540D4FA-D111-4A51-9273-A8FC9E5FDA93}.Release|x86.Build.0 = Release|Win32
	EndGlobalSection
	GlobalSection(SolutionProperties) = preSolution
		HideSolutionNode = FALSE
	EndGlobalSection
	GlobalSection(ExtensibilityGlobals) = postSolution
		SolutionGuid = {C9FCA015-910E-42A1-87E7-D35086ACD8BF}
	EndGlobalSection
EndGlobal
